// !$*UTF8*$!
{
	archiveVersion = 1;
	classes = {
	};
	objectVersion = 46;
	objects = {

/* Begin PBXBuildFile section */
		D70B50791BAC55650086360C /* RNEnvironmentManagerIOS.h in CopyFiles */ = {isa = PBXBuildFile; fileRef = D70B50781BAC55650086360C /* RNEnvironmentManagerIOS.h */; };
		D70B507B1BAC55650086360C /* RNEnvironmentManagerIOS.m in Sources */ = {isa = PBXBuildFile; fileRef = D70B507A1BAC55650086360C /* RNEnvironmentManagerIOS.m */; };
/* End PBXBuildFile section */

/* Begin PBXCopyFilesBuildPhase section */
		D70B50731BAC55650086360C /* CopyFiles */ = {
			isa = PBXCopyFilesBuildPhase;
			buildActionMask = 2147483647;
			dstPath = "include/$(PRODUCT_NAME)";
			dstSubfolderSpec = 16;
			files = (
				D70B50791BAC55650086360C /* RNEnvironmentManagerIOS.h in CopyFiles */,
			);
			runOnlyForDeploymentPostprocessing = 0;
		};
/* End PBXCopyFilesBuildPhase section */

/* Begin PBXFileReference section */
		D70B50751BAC55650086360C /* libRNEnvironmentManagerIOS.a */ = {isa = PBXFileReference; explicitFileType = archive.ar; includeInIndex = 0; path = libRNEnvironmentManagerIOS.a; sourceTree = BUILT_PRODUCTS_DIR; };
		D70B50781BAC55650086360C /* RNEnvironmentManagerIOS.h */ = {isa = PBXFileReference; lastKnownFileType = sourcecode.c.h; path = RNEnvironmentManagerIOS.h; sourceTree = "<group>"; };
		D70B507A1BAC55650086360C /* RNEnvironmentManagerIOS.m */ = {isa = PBXFileReference; lastKnownFileType = sourcecode.c.objc; path = RNEnvironmentManagerIOS.m; sourceTree = "<group>"; };
/* End PBXFileReference section */

/* Begin PBXFrameworksBuildPhase section */
		D70B50721BAC55650086360C /* Frameworks */ = {
			isa = PBXFrameworksBuildPhase;
			buildActionMask = 2147483647;
			files = (
			);
			runOnlyForDeploymentPostprocessing = 0;
		};
/* End PBXFrameworksBuildPhase section */

/* Begin PBXGroup section */
		D70B506C1BAC55650086360C = {
			isa = PBXGroup;
			children = (
				D70B50771BAC55650086360C /* RNEnvironmentManagerIOS */,
				D70B50761BAC55650086360C /* Products */,
			);
			sourceTree = "<group>";
		};
		D70B50761BAC55650086360C /* Products */ = {
			isa = PBXGroup;
			children = (
				D70B50751BAC55650086360C /* libRNEnvironmentManagerIOS.a */,
			);
			name = Products;
			sourceTree = "<group>";
		};
		D70B50771BAC55650086360C /* RNEnvironmentManagerIOS */ = {
			isa = PBXGroup;
			children = (
				D70B50781BAC55650086360C /* RNEnvironmentManagerIOS.h */,
				D70B507A1BAC55650086360C /* RNEnvironmentManagerIOS.m */,
			);
			path = RNEnvironmentManagerIOS;
			sourceTree = "<group>";
		};
/* End PBXGroup section */

/* Begin PBXNativeTarget section */
		D70B50741BAC55650086360C /* RNEnvironmentManagerIOS */ = {
			isa = PBXNativeTarget;
			buildConfigurationList = D70B507E1BAC55650086360C /* Build configuration list for PBXNativeTarget "RNEnvironmentManagerIOS" */;
			buildPhases = (
				D70B50711BAC55650086360C /* Sources */,
				D70B50721BAC55650086360C /* Frameworks */,
				D70B50731BAC55650086360C /* CopyFiles */,
			);
			buildRules = (
			);
			dependencies = (
			);
			name = RNEnvironmentManagerIOS;
			productName = RNEnvironmentManagerIOS;
			productReference = D70B50751BAC55650086360C /* libRNEnvironmentManagerIOS.a */;
			productType = "com.apple.product-type.library.static";
		};
/* End PBXNativeTarget section */

/* Begin PBXProject section */
		D70B506D1BAC55650086360C /* Project object */ = {
			isa = PBXProject;
			attributes = {
				LastUpgradeCheck = 0700;
				ORGANIZATIONNAME = RNEnvironmentManagerIOS;
				TargetAttributes = {
					D70B50741BAC55650086360C = {
						CreatedOnToolsVersion = 7.0;
					};
				};
			};
			buildConfigurationList = D70B50701BAC55650086360C /* Build configuration list for PBXProject "RNEnvironmentManagerIOS" */;
			compatibilityVersion = "Xcode 3.2";
			developmentRegion = English;
			hasScannedForEncodings = 0;
			knownRegions = (
				en,
			);
			mainGroup = D70B506C1BAC55650086360C;
			productRefGroup = D70B50761BAC55650086360C /* Products */;
			projectDirPath = "";
			projectRoot = "";
			targets = (
				D70B50741BAC55650086360C /* RNEnvironmentManagerIOS */,
			);
		};
/* End PBXProject section */

/* Begin PBXSourcesBuildPhase section */
		D70B50711BAC55650086360C /* Sources */ = {
			isa = PBXSourcesBuildPhase;
			buildActionMask = 2147483647;
			files = (
				D70B507B1BAC55650086360C /* RNEnvironmentManagerIOS.m in Sources */,
			);
			runOnlyForDeploymentPostprocessing = 0;
		};
/* End PBXSourcesBuildPhase section */

/* Begin XCBuildConfiguration section */
		D70B507C1BAC55650086360C /* Debug */ = {
			isa = XCBuildConfiguration;
			buildSettings = {
				ALWAYS_SEARCH_USER_PATHS = NO;
				CLANG_CXX_LANGUAGE_STANDARD = "gnu++0x";
				CLANG_CXX_LIBRARY = "libc++";
				CLANG_ENABLE_MODULES = YES;
				CLANG_ENABLE_OBJC_ARC = YES;
				CLANG_WARN_BOOL_CONVERSION = YES;
				CLANG_WARN_CONSTANT_CONVERSION = YES;
				CLANG_WARN_DIRECT_OBJC_ISA_USAGE = YES_ERROR;
				CLANG_WARN_EMPTY_BODY = YES;
				CLANG_WARN_ENUM_CONVERSION = YES;
				CLANG_WARN_INT_CONVERSION = YES;
				CLANG_WARN_OBJC_ROOT_CLASS = YES_ERROR;
				CLANG_WARN_UNREACHABLE_CODE = YES;
				CLANG_WARN__DUPLICATE_METHOD_MATCH = YES;
				COPY_PHASE_STRIP = NO;
				DEBUG_INFORMATION_FORMAT = dwarf;
				ENABLE_STRICT_OBJC_MSGSEND = YES;
				ENABLE_TESTABILITY = YES;
				GCC_C_LANGUAGE_STANDARD = gnu99;
				GCC_DYNAMIC_NO_PIC = NO;
				GCC_NO_COMMON_BLOCKS = YES;
				GCC_OPTIMIZATION_LEVEL = 0;
				GCC_PREPROCESSOR_DEFINITIONS = (
					"DEBUG=1",
					"$(inherited)",
				);
				GCC_WARN_64_TO_32_BIT_CONVERSION = YES;
				GCC_WARN_ABOUT_RETURN_TYPE = YES_ERROR;
				GCC_WARN_UNDECLARED_SELECTOR = YES;
				GCC_WARN_UNINITIALIZED_AUTOS = YES_AGGRESSIVE;
				GCC_WARN_UNUSED_FUNCTION = YES;
				GCC_WARN_UNUSED_VARIABLE = YES;
				IPHONEOS_DEPLOYMENT_TARGET = 9.0;
				MTL_ENABLE_DEBUG_INFO = YES;
				ONLY_ACTIVE_ARCH = YES;
				SDKROOT = iphoneos;
			};
			name = Debug;
		};
		D70B507D1BAC55650086360C /* Release */ = {
			isa = XCBuildConfiguration;
			buildSettings = {
				ALWAYS_SEARCH_USER_PATHS = NO;
				CLANG_CXX_LANGUAGE_STANDARD = "gnu++0x";
				CLANG_CXX_LIBRARY = "libc++";
				CLANG_ENABLE_MODULES = YES;
				CLANG_ENABLE_OBJC_ARC = YES;
				CLANG_WARN_BOOL_CONVERSION = YES;
				CLANG_WARN_CONSTANT_CONVERSION = YES;
				CLANG_WARN_DIRECT_OBJC_ISA_USAGE = YES_ERROR;
				CLANG_WARN_EMPTY_BODY = YES;
				CLANG_WARN_ENUM_CONVERSION = YES;
				CLANG_WARN_INT_CONVERSION = YES;
				CLANG_WARN_OBJC_ROOT_CLASS = YES_ERROR;
				CLANG_WARN_UNREACHABLE_CODE = YES;
				CLANG_WARN__DUPLICATE_METHOD_MATCH = YES;
				COPY_PHASE_STRIP = NO;
				DEBUG_INFORMATION_FORMAT = "dwarf-with-dsym";
				ENABLE_NS_ASSERTIONS = NO;
				ENABLE_STRICT_OBJC_MSGSEND = YES;
				GCC_C_LANGUAGE_STANDARD = gnu99;
				GCC_NO_COMMON_BLOCKS = YES;
				GCC_WARN_64_TO_32_BIT_CONVERSION = YES;
				GCC_WARN_ABOUT_RETURN_TYPE = YES_ERROR;
				GCC_WARN_UNDECLARED_SELECTOR = YES;
				GCC_WARN_UNINITIALIZED_AUTOS = YES_AGGRESSIVE;
				GCC_WARN_UNUSED_FUNCTION = YES;
				GCC_WARN_UNUSED_VARIABLE = YES;
				IPHONEOS_DEPLOYMENT_TARGET = 9.0;
				MTL_ENABLE_DEBUG_INFO = NO;
				SDKROOT = iphoneos;
				VALIDATE_PRODUCT = YES;
			};
			name = Release;
		};
		D70B507F1BAC55650086360C /* Debug */ = {
			isa = XCBuildConfiguration;
			buildSettings = {
				HEADER_SEARCH_PATHS = (
					"$(inherited)",
					/Applications/Xcode.app/Contents/Developer/Toolchains/XcodeDefault.xctoolchain/usr/include,
					"$(SRCROOT)/../../React/**",
					"$(SRCROOT)/../../node_modules/react-native/React/**",
				);
				OTHER_LDFLAGS = "-ObjC";
				PRODUCT_NAME = "$(TARGET_NAME)";
				SKIP_INSTALL = YES;
			};
			name = Debug;
		};
		D70B50801BAC55650086360C /* Release */ = {
			isa = XCBuildConfiguration;
			buildSettings = {
				HEADER_SEARCH_PATHS = (
					"$(inherited)",
					/Applications/Xcode.app/Contents/Developer/Toolchains/XcodeDefault.xctoolchain/usr/include,
					"$(SRCROOT)/../../React/**",
					"$(SRCROOT)/../../node_modules/react-native/React/**",
				);
				OTHER_LDFLAGS = "-ObjC";
				PRODUCT_NAME = "$(TARGET_NAME)";
				SKIP_INSTALL = YES;
			};
			name = Release;
		};
/* End XCBuildConfiguration section */

/* Begin XCConfigurationList section */
		D70B50701BAC55650086360C /* Build configuration list for PBXProject "RNEnvironmentManagerIOS" */ = {
			isa = XCConfigurationList;
			buildConfigurations = (
				D70B507C1BAC55650086360C /* Debug */,
				D70B507D1BAC55650086360C /* Release */,
			);
			defaultConfigurationIsVisible = 0;
			defaultConfigurationName = Release;
		};
		D70B507E1BAC55650086360C /* Build configuration list for PBXNativeTarget "RNEnvironmentManagerIOS" */ = {
			isa = XCConfigurationList;
			buildConfigurations = (
				D70B507F1BAC55650086360C /* Debug */,
				D70B50801BAC55650086360C /* Release */,
			);
			defaultConfigurationIsVisible = 0;
			defaultConfigurationName = Release;
		};
/* End XCConfigurationList section */
	};
	rootObject = D70B506D1BAC55650086360C /* Project object */;
}
